// !$*UTF8*$!
{
	archiveVersion = 1;
	classes = {
	};
	objectVersion = 51;
	objects = {

/* Begin PBXBuildFile section */
		023207402330E36200CA12DC /* GithubViewController.swift in Sources */ = {isa = PBXBuildFile; fileRef = 0232073F2330E36200CA12DC /* GithubViewController.swift */; };
		02FAE04322F85E0D004115B2 /* AppDelegate.swift in Sources */ = {isa = PBXBuildFile; fileRef = 02FAE04222F85E0D004115B2 /* AppDelegate.swift */; };
		02FAE04522F85E0D004115B2 /* ViewController.swift in Sources */ = {isa = PBXBuildFile; fileRef = 02FAE04422F85E0D004115B2 /* ViewController.swift */; };
		02FAE04822F85E0D004115B2 /* Main.storyboard in Resources */ = {isa = PBXBuildFile; fileRef = 02FAE04622F85E0D004115B2 /* Main.storyboard */; };
		02FAE04A22F85E0F004115B2 /* Assets.xcassets in Resources */ = {isa = PBXBuildFile; fileRef = 02FAE04922F85E0F004115B2 /* Assets.xcassets */; };
		02FAE04D22F85E0F004115B2 /* LaunchScreen.storyboard in Resources */ = {isa = PBXBuildFile; fileRef = 02FAE04B22F85E0F004115B2 /* LaunchScreen.storyboard */; };
		02FAE05522F9630B004115B2 /* OIDTokenUtilities.swift in Sources */ = {isa = PBXBuildFile; fileRef = 02FAE05422F9630B004115B2 /* OIDTokenUtilities.swift */; };
		02FAE05722F97938004115B2 /* WebAuthenticationURLHandler.swift in Sources */ = {isa = PBXBuildFile; fileRef = 02FAE05622F97938004115B2 /* WebAuthenticationURLHandler.swift */; };
		5926D99273F42A2C97828F87 /* Pods_TestOauth2.framework in Frameworks */ = {isa = PBXBuildFile; fileRef = 09FB9229FE089F374757A3A5 /* Pods_TestOauth2.framework */; };
/* End PBXBuildFile section */

/* Begin PBXFileReference section */
		0232073F2330E36200CA12DC /* GithubViewController.swift */ = {isa = PBXFileReference; lastKnownFileType = sourcecode.swift; path = GithubViewController.swift; sourceTree = "<group>"; };
		02FAE03F22F85E0D004115B2 /* TestOauth2.app */ = {isa = PBXFileReference; explicitFileType = wrapper.application; includeInIndex = 0; path = TestOauth2.app; sourceTree = BUILT_PRODUCTS_DIR; };
		02FAE04222F85E0D004115B2 /* AppDelegate.swift */ = {isa = PBXFileReference; lastKnownFileType = sourcecode.swift; path = AppDelegate.swift; sourceTree = "<group>"; };
		02FAE04422F85E0D004115B2 /* ViewController.swift */ = {isa = PBXFileReference; lastKnownFileType = sourcecode.swift; path = ViewController.swift; sourceTree = "<group>"; };
		02FAE04722F85E0D004115B2 /* Base */ = {isa = PBXFileReference; lastKnownFileType = file.storyboard; name = Base; path = Base.lproj/Main.storyboard; sourceTree = "<group>"; };
		02FAE04922F85E0F004115B2 /* Assets.xcassets */ = {isa = PBXFileReference; lastKnownFileType = folder.assetcatalog; path = Assets.xcassets; sourceTree = "<group>"; };
		02FAE04C22F85E0F004115B2 /* Base */ = {isa = PBXFileReference; lastKnownFileType = file.storyboard; name = Base; path = Base.lproj/LaunchScreen.storyboard; sourceTree = "<group>"; };
		02FAE04E22F85E0F004115B2 /* Info.plist */ = {isa = PBXFileReference; lastKnownFileType = text.plist.xml; path = Info.plist; sourceTree = "<group>"; };
		02FAE05422F9630B004115B2 /* OIDTokenUtilities.swift */ = {isa = PBXFileReference; lastKnownFileType = sourcecode.swift; path = OIDTokenUtilities.swift; sourceTree = "<group>"; };
		02FAE05622F97938004115B2 /* WebAuthenticationURLHandler.swift */ = {isa = PBXFileReference; lastKnownFileType = sourcecode.swift; path = WebAuthenticationURLHandler.swift; sourceTree = "<group>"; };
		09FB9229FE089F374757A3A5 /* Pods_TestOauth2.framework */ = {isa = PBXFileReference; explicitFileType = wrapper.framework; includeInIndex = 0; path = Pods_TestOauth2.framework; sourceTree = BUILT_PRODUCTS_DIR; };
		988FAB0C4A7D36D10C67808F /* Pods-TestOauth2.debug.xcconfig */ = {isa = PBXFileReference; includeInIndex = 1; lastKnownFileType = text.xcconfig; name = "Pods-TestOauth2.debug.xcconfig"; path = "Target Support Files/Pods-TestOauth2/Pods-TestOauth2.debug.xcconfig"; sourceTree = "<group>"; };
		AE1C4D6845047F758678AFBF /* Pods-TestOauth2.release.xcconfig */ = {isa = PBXFileReference; includeInIndex = 1; lastKnownFileType = text.xcconfig; name = "Pods-TestOauth2.release.xcconfig"; path = "Target Support Files/Pods-TestOauth2/Pods-TestOauth2.release.xcconfig"; sourceTree = "<group>"; };
/* End PBXFileReference section */

/* Begin PBXFrameworksBuildPhase section */
		02FAE03C22F85E0D004115B2 /* Frameworks */ = {
			isa = PBXFrameworksBuildPhase;
			buildActionMask = 2147483647;
			files = (
				5926D99273F42A2C97828F87 /* Pods_TestOauth2.framework in Frameworks */,
			);
			runOnlyForDeploymentPostprocessing = 0;
		};
/* End PBXFrameworksBuildPhase section */

/* Begin PBXGroup section */
		02FAE03622F85E0D004115B2 = {
			isa = PBXGroup;
			children = (
				02FAE04122F85E0D004115B2 /* TestOauth2 */,
				02FAE04022F85E0D004115B2 /* Products */,
				52FE5803CD94A112FFF28476 /* Pods */,
				6181EA02D8C7241E441E6841 /* Frameworks */,
			);
			sourceTree = "<group>";
		};
		02FAE04022F85E0D004115B2 /* Products */ = {
			isa = PBXGroup;
			children = (
				02FAE03F22F85E0D004115B2 /* TestOauth2.app */,
			);
			name = Products;
			sourceTree = "<group>";
		};
		02FAE04122F85E0D004115B2 /* TestOauth2 */ = {
			isa = PBXGroup;
			children = (
				02FAE04222F85E0D004115B2 /* AppDelegate.swift */,
				02FAE04422F85E0D004115B2 /* ViewController.swift */,
				0232073F2330E36200CA12DC /* GithubViewController.swift */,
				02FAE05422F9630B004115B2 /* OIDTokenUtilities.swift */,
				02FAE05622F97938004115B2 /* WebAuthenticationURLHandler.swift */,
				02FAE04622F85E0D004115B2 /* Main.storyboard */,
				02FAE04922F85E0F004115B2 /* Assets.xcassets */,
				02FAE04B22F85E0F004115B2 /* LaunchScreen.storyboard */,
				02FAE04E22F85E0F004115B2 /* Info.plist */,
			);
			path = TestOauth2;
			sourceTree = "<group>";
		};
		52FE5803CD94A112FFF28476 /* Pods */ = {
			isa = PBXGroup;
			children = (
				988FAB0C4A7D36D10C67808F /* Pods-TestOauth2.debug.xcconfig */,
				AE1C4D6845047F758678AFBF /* Pods-TestOauth2.release.xcconfig */,
			);
			path = Pods;
			sourceTree = "<group>";
		};
		6181EA02D8C7241E441E6841 /* Frameworks */ = {
			isa = PBXGroup;
			children = (
				09FB9229FE089F374757A3A5 /* Pods_TestOauth2.framework */,
			);
			name = Frameworks;
			sourceTree = "<group>";
		};
/* End PBXGroup section */

/* Begin PBXNativeTarget section */
		02FAE03E22F85E0D004115B2 /* TestOauth2 */ = {
			isa = PBXNativeTarget;
			buildConfigurationList = 02FAE05122F85E0F004115B2 /* Build configuration list for PBXNativeTarget "TestOauth2" */;
			buildPhases = (
				1C6FBF3F90AD59D792DF8F68 /* [CP] Check Pods Manifest.lock */,
				02FAE03B22F85E0D004115B2 /* Sources */,
				02FAE03C22F85E0D004115B2 /* Frameworks */,
				02FAE03D22F85E0D004115B2 /* Resources */,
				ACBD8BDC5BD95AD69DDD2C6A /* [CP] Embed Pods Frameworks */,
			);
			buildRules = (
			);
			dependencies = (
			);
			name = TestOauth2;
			productName = TestOauth2;
			productReference = 02FAE03F22F85E0D004115B2 /* TestOauth2.app */;
			productType = "com.apple.product-type.application";
		};
/* End PBXNativeTarget section */

/* Begin PBXProject section */
		02FAE03722F85E0D004115B2 /* Project object */ = {
			isa = PBXProject;
			attributes = {
				LastSwiftUpdateCheck = 1020;
				LastUpgradeCheck = 1020;
				ORGANIZATIONNAME = RedMadRobot;
				TargetAttributes = {
					02FAE03E22F85E0D004115B2 = {
						CreatedOnToolsVersion = 10.2.1;
					};
				};
			};
			buildConfigurationList = 02FAE03A22F85E0D004115B2 /* Build configuration list for PBXProject "TestOauth2" */;
			compatibilityVersion = "Xcode 9.3";
			developmentRegion = en;
			hasScannedForEncodings = 0;
			knownRegions = (
				en,
				Base,
			);
			mainGroup = 02FAE03622F85E0D004115B2;
			productRefGroup = 02FAE04022F85E0D004115B2 /* Products */;
			projectDirPath = "";
			projectRoot = "";
			targets = (
				02FAE03E22F85E0D004115B2 /* TestOauth2 */,
			);
		};
/* End PBXProject section */

/* Begin PBXResourcesBuildPhase section */
		02FAE03D22F85E0D004115B2 /* Resources */ = {
			isa = PBXResourcesBuildPhase;
			buildActionMask = 2147483647;
			files = (
				02FAE04D22F85E0F004115B2 /* LaunchScreen.storyboard in Resources */,
				02FAE04A22F85E0F004115B2 /* Assets.xcassets in Resources */,
				02FAE04822F85E0D004115B2 /* Main.storyboard in Resources */,
			);
			runOnlyForDeploymentPostprocessing = 0;
		};
/* End PBXResourcesBuildPhase section */

/* Begin PBXShellScriptBuildPhase section */
		1C6FBF3F90AD59D792DF8F68 /* [CP] Check Pods Manifest.lock */ = {
			isa = PBXShellScriptBuildPhase;
			buildActionMask = 2147483647;
			files = (
			);
			inputFileListPaths = (
			);
			inputPaths = (
				"${PODS_PODFILE_DIR_PATH}/Podfile.lock",
				"${PODS_ROOT}/Manifest.lock",
			);
			name = "[CP] Check Pods Manifest.lock";
			outputFileListPaths = (
			);
			outputPaths = (
				"$(DERIVED_FILE_DIR)/Pods-TestOauth2-checkManifestLockResult.txt",
			);
			runOnlyForDeploymentPostprocessing = 0;
			shellPath = /bin/sh;
			shellScript = "diff \"${PODS_PODFILE_DIR_PATH}/Podfile.lock\" \"${PODS_ROOT}/Manifest.lock\" > /dev/null\nif [ $? != 0 ] ; then\n    # print error to STDERR\n    echo \"error: The sandbox is not in sync with the Podfile.lock. Run 'pod install' or update your CocoaPods installation.\" >&2\n    exit 1\nfi\n# This output is used by Xcode 'outputs' to avoid re-running this script phase.\necho \"SUCCESS\" > \"${SCRIPT_OUTPUT_FILE_0}\"\n";
			showEnvVarsInLog = 0;
		};
		ACBD8BDC5BD95AD69DDD2C6A /* [CP] Embed Pods Frameworks */ = {
			isa = PBXShellScriptBuildPhase;
			buildActionMask = 2147483647;
			files = (
			);
			inputFileListPaths = (
				"${PODS_ROOT}/Target Support Files/Pods-TestOauth2/Pods-TestOauth2-frameworks-${CONFIGURATION}-input-files.xcfilelist",
			);
			name = "[CP] Embed Pods Frameworks";
			outputFileListPaths = (
				"${PODS_ROOT}/Target Support Files/Pods-TestOauth2/Pods-TestOauth2-frameworks-${CONFIGURATION}-output-files.xcfilelist",
			);
			runOnlyForDeploymentPostprocessing = 0;
			shellPath = /bin/sh;
			shellScript = "\"${PODS_ROOT}/Target Support Files/Pods-TestOauth2/Pods-TestOauth2-frameworks.sh\"\n";
			showEnvVarsInLog = 0;
		};
/* End PBXShellScriptBuildPhase section */

/* Begin PBXSourcesBuildPhase section */
		02FAE03B22F85E0D004115B2 /* Sources */ = {
			isa = PBXSourcesBuildPhase;
			buildActionMask = 2147483647;
			files = (
				02FAE04522F85E0D004115B2 /* ViewController.swift in Sources */,
				02FAE05722F97938004115B2 /* WebAuthenticationURLHandler.swift in Sources */,
				023207402330E36200CA12DC /* GithubViewController.swift in Sources */,
				02FAE05522F9630B004115B2 /* OIDTokenUtilities.swift in Sources */,
				02FAE04322F85E0D004115B2 /* AppDelegate.swift in Sources */,
			);
			runOnlyForDeploymentPostprocessing = 0;
		};
/* End PBXSourcesBuildPhase section */

/* Begin PBXVariantGroup section */
		02FAE04622F85E0D004115B2 /* Main.storyboard */ = {
			isa = PBXVariantGroup;
			children = (
				02FAE04722F85E0D004115B2 /* Base */,
			);
			name = Main.storyboard;
			sourceTree = "<group>";
		};
		02FAE04B22F85E0F004115B2 /* LaunchScreen.storyboard */ = {
			isa = PBXVariantGroup;
			children = (
				02FAE04C22F85E0F004115B2 /* Base */,
			);
			name = LaunchScreen.storyboard;
			sourceTree = "<group>";
		};
/* End PBXVariantGroup section */

/* Begin XCBuildConfiguration section */
		02FAE04F22F85E0F004115B2 /* Debug */ = {
			isa = XCBuildConfiguration;
			buildSettings = {
				ALWAYS_SEARCH_USER_PATHS = NO;
				CLANG_ANALYZER_NONNULL = YES;
				CLANG_ANALYZER_NUMBER_OBJECT_CONVERSION = YES_AGGRESSIVE;
				CLANG_CXX_LANGUAGE_STANDARD = "gnu++14";
				CLANG_CXX_LIBRARY = "libc++";
				CLANG_ENABLE_MODULES = YES;
				CLANG_ENABLE_OBJC_ARC = YES;
				CLANG_ENABLE_OBJC_WEAK = YES;
				CLANG_WARN_BLOCK_CAPTURE_AUTORELEASING = YES;
				CLANG_WARN_BOOL_CONVERSION = YES;
				CLANG_WARN_COMMA = YES;
				CLANG_WARN_CONSTANT_CONVERSION = YES;
				CLANG_WARN_DEPRECATED_OBJC_IMPLEMENTATIONS = YES;
				CLANG_WARN_DIRECT_OBJC_ISA_USAGE = YES_ERROR;
				CLANG_WARN_DOCUMENTATION_COMMENTS = YES;
				CLANG_WARN_EMPTY_BODY = YES;
				CLANG_WARN_ENUM_CONVERSION = YES;
				CLANG_WARN_INFINITE_RECURSION = YES;
				CLANG_WARN_INT_CONVERSION = YES;
				CLANG_WARN_NON_LITERAL_NULL_CONVERSION = YES;
				CLANG_WARN_OBJC_IMPLICIT_RETAIN_SELF = YES;
				CLANG_WARN_OBJC_LITERAL_CONVERSION = YES;
				CLANG_WARN_OBJC_ROOT_CLASS = YES_ERROR;
				CLANG_WARN_RANGE_LOOP_ANALYSIS = YES;
				CLANG_WARN_STRICT_PROTOTYPES = YES;
				CLANG_WARN_SUSPICIOUS_MOVE = YES;
				CLANG_WARN_UNGUARDED_AVAILABILITY = YES_AGGRESSIVE;
				CLANG_WARN_UNREACHABLE_CODE = YES;
				CLANG_WARN__DUPLICATE_METHOD_MATCH = YES;
				CODE_SIGN_IDENTITY = "iPhone Developer";
				COPY_PHASE_STRIP = NO;
				DEBUG_INFORMATION_FORMAT = dwarf;
				ENABLE_STRICT_OBJC_MSGSEND = YES;
				ENABLE_TESTABILITY = YES;
				GCC_C_LANGUAGE_STANDARD = gnu11;
				GCC_DYNAMIC_NO_PIC = NO;
				GCC_NO_COMMON_BLOCKS = YES;
				GCC_OPTIMIZATION_LEVEL = 0;
				GCC_PREPROCESSOR_DEFINITIONS = (
					"DEBUG=1",
					"$(inherited)",
				);
				GCC_WARN_64_TO_32_BIT_CONVERSION = YES;
				GCC_WARN_ABOUT_RETURN_TYPE = YES_ERROR;
				GCC_WARN_UNDECLARED_SELECTOR = YES;
				GCC_WARN_UNINITIALIZED_AUTOS = YES_AGGRESSIVE;
				GCC_WARN_UNUSED_FUNCTION = YES;
				GCC_WARN_UNUSED_VARIABLE = YES;
				IPHONEOS_DEPLOYMENT_TARGET = 12.2;
				MTL_ENABLE_DEBUG_INFO = INCLUDE_SOURCE;
				MTL_FAST_MATH = YES;
				ONLY_ACTIVE_ARCH = YES;
				SDKROOT = iphoneos;
				SWIFT_ACTIVE_COMPILATION_CONDITIONS = DEBUG;
				SWIFT_OPTIMIZATION_LEVEL = "-Onone";
			};
			name = Debug;
		};
		02FAE05022F85E0F004115B2 /* Release */ = {
			isa = XCBuildConfiguration;
			buildSettings = {
				ALWAYS_SEARCH_USER_PATHS = NO;
				CLANG_ANALYZER_NONNULL = YES;
				CLANG_ANALYZER_NUMBER_OBJECT_CONVERSION = YES_AGGRESSIVE;
				CLANG_CXX_LANGUAGE_STANDARD = "gnu++14";
				CLANG_CXX_LIBRARY = "libc++";
				CLANG_ENABLE_MODULES = YES;
				CLANG_ENABLE_OBJC_ARC = YES;
				CLANG_ENABLE_OBJC_WEAK = YES;
				CLANG_WARN_BLOCK_CAPTURE_AUTORELEASING = YES;
				CLANG_WARN_BOOL_CONVERSION = YES;
				CLANG_WARN_COMMA = YES;
				CLANG_WARN_CONSTANT_CONVERSION = YES;
				CLANG_WARN_DEPRECATED_OBJC_IMPLEMENTATIONS = YES;
				CLANG_WARN_DIRECT_OBJC_ISA_USAGE = YES_ERROR;
				CLANG_WARN_DOCUMENTATION_COMMENTS = YES;
				CLANG_WARN_EMPTY_BODY = YES;
				CLANG_WARN_ENUM_CONVERSION = YES;
				CLANG_WARN_INFINITE_RECURSION = YES;
				CLANG_WARN_INT_CONVERSION = YES;
				CLANG_WARN_NON_LITERAL_NULL_CONVERSION = YES;
				CLANG_WARN_OBJC_IMPLICIT_RETAIN_SELF = YES;
				CLANG_WARN_OBJC_LITERAL_CONVERSION = YES;
				CLANG_WARN_OBJC_ROOT_CLASS = YES_ERROR;
				CLANG_WARN_RANGE_LOOP_ANALYSIS = YES;
				CLANG_WARN_STRICT_PROTOTYPES = YES;
				CLANG_WARN_SUSPICIOUS_MOVE = YES;
				CLANG_WARN_UNGUARDED_AVAILABILITY = YES_AGGRESSIVE;
				CLANG_WARN_UNREACHABLE_CODE = YES;
				CLANG_WARN__DUPLICATE_METHOD_MATCH = YES;
				CODE_SIGN_IDENTITY = "iPhone Developer";
				COPY_PHASE_STRIP = NO;
				DEBUG_INFORMATION_FORMAT = "dwarf-with-dsym";
				ENABLE_NS_ASSERTIONS = NO;
				ENABLE_STRICT_OBJC_MSGSEND = YES;
				GCC_C_LANGUAGE_STANDARD = gnu11;
				GCC_NO_COMMON_BLOCKS = YES;
				GCC_WARN_64_TO_32_BIT_CONVERSION = YES;
				GCC_WARN_ABOUT_RETURN_TYPE = YES_ERROR;
				GCC_WARN_UNDECLARED_SELECTOR = YES;
				GCC_WARN_UNINITIALIZED_AUTOS = YES_AGGRESSIVE;
				GCC_WARN_UNUSED_FUNCTION = YES;
				GCC_WARN_UNUSED_VARIABLE = YES;
				IPHONEOS_DEPLOYMENT_TARGET = 12.2;
				MTL_ENABLE_DEBUG_INFO = NO;
				MTL_FAST_MATH = YES;
				SDKROOT = iphoneos;
				SWIFT_COMPILATION_MODE = wholemodule;
				SWIFT_OPTIMIZATION_LEVEL = "-O";
				VALIDATE_PRODUCT = YES;
			};
			name = Release;
		};
		02FAE05222F85E0F004115B2 /* Debug */ = {
			isa = XCBuildConfiguration;
			baseConfigurationReference = 988FAB0C4A7D36D10C67808F /* Pods-TestOauth2.debug.xcconfig */;
			buildSettings = {
				ASSETCATALOG_COMPILER_APPICON_NAME = AppIcon;
				CODE_SIGN_STYLE = Automatic;
				DEVELOPMENT_TEAM = LLB977TXWN;
				INFOPLIST_FILE = TestOauth2/Info.plist;
				IPHONEOS_DEPLOYMENT_TARGET = 13.0;
				LD_RUNPATH_SEARCH_PATHS = (
					"$(inherited)",
					"@executable_path/Frameworks",
				);
				PRODUCT_BUNDLE_IDENTIFIER = com.redmadrobot.TestOauth2;
				PRODUCT_NAME = "$(TARGET_NAME)";
				SWIFT_VERSION = 5.0;
				TARGETED_DEVICE_FAMILY = "1,2";
			};
			name = Debug;
		};
		02FAE05322F85E0F004115B2 /* Release */ = {
			isa = XCBuildConfiguration;
			baseConfigurationReference = AE1C4D6845047F758678AFBF /* Pods-TestOauth2.release.xcconfig */;
			buildSettings = {
				ASSETCATALOG_COMPILER_APPICON_NAME = AppIcon;
				CODE_SIGN_STYLE = Automatic;
				DEVELOPMENT_TEAM = LLB977TXWN;
				INFOPLIST_FILE = TestOauth2/Info.plist;
				IPHONEOS_DEPLOYMENT_TARGET = 13.0;
				LD_RUNPATH_SEARCH_PATHS = (
					"$(inherited)",
					"@executable_path/Frameworks",
				);
				PRODUCT_BUNDLE_IDENTIFIER = com.redmadrobot.TestOauth2;
				PRODUCT_NAME = "$(TARGET_NAME)";
				SWIFT_VERSION = 5.0;
				TARGETED_DEVICE_FAMILY = "1,2";
			};
			name = Release;
		};
/* End XCBuildConfiguration section */

/* Begin XCConfigurationList section */
		02FAE03A22F85E0D004115B2 /* Build configuration list for PBXProject "TestOauth2" */ = {
			isa = XCConfigurationList;
			buildConfigurations = (
				02FAE04F22F85E0F004115B2 /* Debug */,
				02FAE05022F85E0F004115B2 /* Release */,
			);
			defaultConfigurationIsVisible = 0;
			defaultConfigurationName = Release;
		};
		02FAE05122F85E0F004115B2 /* Build configuration list for PBXNativeTarget "TestOauth2" */ = {
			isa = XCConfigurationList;
			buildConfigurations = (
				02FAE05222F85E0F004115B2 /* Debug */,
				02FAE05322F85E0F004115B2 /* Release */,
			);
			defaultConfigurationIsVisible = 0;
			defaultConfigurationName = Release;
		};
/* End XCConfigurationList section */
	};
	rootObject = 02FAE03722F85E0D004115B2 /* Project object */;
}
